// !$*UTF8*$!
{
	archiveVersion = 1;
	classes = {
	};
	objectVersion = 46;
	objects = {

/* Begin PBXBuildFile section */
		F49C67BA1E4046A600C4C59F /* CrossingTheDivideLib.hpp in Headers */ = {isa = PBXBuildFile; fileRef = F49C67B91E4046A600C4C59F /* CrossingTheDivideLib.hpp */; };
		F49C67BC1E4046A600C4C59F /* CrossingTheDivideLibPriv.hpp in Headers */ = {isa = PBXBuildFile; fileRef = F49C67BB1E4046A600C4C59F /* CrossingTheDivideLibPriv.hpp */; };
		F49C67BE1E4046A600C4C59F /* CrossingTheDivideLib.cpp in Sources */ = {isa = PBXBuildFile; fileRef = F49C67BD1E4046A600C4C59F /* CrossingTheDivideLib.cpp */; };
/* End PBXBuildFile section */

/* Begin PBXFileReference section */
		F481D9281E5BE1E20029D71E /* CrossingTheDivideLibiOS.h */ = {isa = PBXFileReference; lastKnownFileType = sourcecode.c.h; path = CrossingTheDivideLibiOS.h; sourceTree = "<group>"; };
		F481D9291E5BE1E20029D71E /* CrossingTheDivideLibiOS.m */ = {isa = PBXFileReference; lastKnownFileType = sourcecode.c.objc; path = CrossingTheDivideLibiOS.m; sourceTree = "<group>"; };
		F49C67B61E4046A600C4C59F /* libCrossingTheDivideLib.a */ = {isa = PBXFileReference; explicitFileType = archive.ar; includeInIndex = 0; path = libCrossingTheDivideLib.a; sourceTree = BUILT_PRODUCTS_DIR; };
		F49C67B91E4046A600C4C59F /* CrossingTheDivideLib.hpp */ = {isa = PBXFileReference; lastKnownFileType = sourcecode.cpp.h; path = CrossingTheDivideLib.hpp; sourceTree = "<group>"; };
		F49C67BB1E4046A600C4C59F /* CrossingTheDivideLibPriv.hpp */ = {isa = PBXFileReference; lastKnownFileType = sourcecode.cpp.h; path = CrossingTheDivideLibPriv.hpp; sourceTree = "<group>"; };
		F49C67BD1E4046A600C4C59F /* CrossingTheDivideLib.cpp */ = {isa = PBXFileReference; lastKnownFileType = sourcecode.cpp.cpp; path = CrossingTheDivideLib.cpp; sourceTree = "<group>"; };
/* End PBXFileReference section */

/* Begin PBXFrameworksBuildPhase section */
		F49C67B31E4046A600C4C59F /* Frameworks */ = {
			isa = PBXFrameworksBuildPhase;
			buildActionMask = 2147483647;
			files = (
			);
			runOnlyForDeploymentPostprocessing = 0;
		};
/* End PBXFrameworksBuildPhase section */

/* Begin PBXGroup section */
		F481D9271E5BE1E20029D71E /* CrossingTheDivideLibiOS */ = {
			isa = PBXGroup;
			children = (
				F481D9281E5BE1E20029D71E /* CrossingTheDivideLibiOS.h */,
				F481D9291E5BE1E20029D71E /* CrossingTheDivideLibiOS.m */,
			);
			path = CrossingTheDivideLibiOS;
			sourceTree = "<group>";
		};
		F49C67AD1E4046A600C4C59F = {
			isa = PBXGroup;
			children = (
				F49C67B81E4046A600C4C59F /* CrossingTheDivideLib */,
				F481D9271E5BE1E20029D71E /* CrossingTheDivideLibiOS */,
				F49C67B71E4046A600C4C59F /* Products */,
			);
			sourceTree = "<group>";
		};
		F49C67B71E4046A600C4C59F /* Products */ = {
			isa = PBXGroup;
			children = (
				F49C67B61E4046A600C4C59F /* libCrossingTheDivideLib.a */,
			);
			name = Products;
			sourceTree = "<group>";
		};
		F49C67B81E4046A600C4C59F /* CrossingTheDivideLib */ = {
			isa = PBXGroup;
			children = (
				F49C67B91E4046A600C4C59F /* CrossingTheDivideLib.hpp */,
				F49C67BB1E4046A600C4C59F /* CrossingTheDivideLibPriv.hpp */,
				F49C67BD1E4046A600C4C59F /* CrossingTheDivideLib.cpp */,
			);
			path = CrossingTheDivideLib;
			sourceTree = "<group>";
		};
/* End PBXGroup section */

/* Begin PBXHeadersBuildPhase section */
		F49C67B41E4046A600C4C59F /* Headers */ = {
			isa = PBXHeadersBuildPhase;
			buildActionMask = 2147483647;
			files = (
				F49C67BC1E4046A600C4C59F /* CrossingTheDivideLibPriv.hpp in Headers */,
				F49C67BA1E4046A600C4C59F /* CrossingTheDivideLib.hpp in Headers */,
			);
			runOnlyForDeploymentPostprocessing = 0;
		};
/* End PBXHeadersBuildPhase section */

/* Begin PBXNativeTarget section */
		F49C67B51E4046A600C4C59F /* CrossingTheDivideLib */ = {
			isa = PBXNativeTarget;
			buildConfigurationList = F49C67C11E4046A600C4C59F /* Build configuration list for PBXNativeTarget "CrossingTheDivideLib" */;
			buildPhases = (
				F49C67B21E4046A600C4C59F /* Sources */,
				F49C67B31E4046A600C4C59F /* Frameworks */,
				F49C67B41E4046A600C4C59F /* Headers */,
			);
			buildRules = (
			);
			dependencies = (
			);
			name = CrossingTheDivideLib;
			productName = CrossingTheDivideLib;
			productReference = F49C67B61E4046A600C4C59F /* libCrossingTheDivideLib.a */;
			productType = "com.apple.product-type.library.static";
		};
/* End PBXNativeTarget section */

/* Begin PBXProject section */
		F49C67AE1E4046A600C4C59F /* Project object */ = {
			isa = PBXProject;
			attributes = {
				LastUpgradeCheck = 0820;
				ORGANIZATIONNAME = "Shawn Campbell";
				TargetAttributes = {
					F49C67B51E4046A600C4C59F = {
						CreatedOnToolsVersion = 8.2.1;
						DevelopmentTeam = VHWFV2V25Z;
						ProvisioningStyle = Automatic;
					};
				};
			};
			buildConfigurationList = F49C67B11E4046A600C4C59F /* Build configuration list for PBXProject "CrossingTheDivideLib" */;
			compatibilityVersion = "Xcode 3.2";
			developmentRegion = English;
			hasScannedForEncodings = 0;
			knownRegions = (
				en,
			);
			mainGroup = F49C67AD1E4046A600C4C59F;
			productRefGroup = F49C67B71E4046A600C4C59F /* Products */;
			projectDirPath = "";
			projectRoot = "";
			targets = (
				F49C67B51E4046A600C4C59F /* CrossingTheDivideLib */,
			);
		};
/* End PBXProject section */

/* Begin PBXSourcesBuildPhase section */
		F49C67B21E4046A600C4C59F /* Sources */ = {
			isa = PBXSourcesBuildPhase;
			buildActionMask = 2147483647;
			files = (
				F49C67BE1E4046A600C4C59F /* CrossingTheDivideLib.cpp in Sources */,
			);
			runOnlyForDeploymentPostprocessing = 0;
		};
/* End PBXSourcesBuildPhase section */

/* Begin XCBuildConfiguration section */
		F49C67BF1E4046A600C4C59F /* Debug */ = {
			isa = XCBuildConfiguration;
			buildSettings = {
				ALWAYS_SEARCH_USER_PATHS = NO;
				CLANG_ANALYZER_NONNULL = YES;
				CLANG_CXX_LANGUAGE_STANDARD = "gnu++0x";
				CLANG_CXX_LIBRARY = "libc++";
				CLANG_ENABLE_MODULES = YES;
				CLANG_ENABLE_OBJC_ARC = YES;
				CLANG_WARN_BOOL_CONVERSION = YES;
				CLANG_WARN_CONSTANT_CONVERSION = YES;
				CLANG_WARN_DIRECT_OBJC_ISA_USAGE = YES_ERROR;
				CLANG_WARN_DOCUMENTATION_COMMENTS = YES;
				CLANG_WARN_EMPTY_BODY = YES;
				CLANG_WARN_ENUM_CONVERSION = YES;
				CLANG_WARN_INFINITE_RECURSION = YES;
				CLANG_WARN_INT_CONVERSION = YES;
				CLANG_WARN_OBJC_ROOT_CLASS = YES_ERROR;
				CLANG_WARN_SUSPICIOUS_MOVE = YES;
				CLANG_WARN_UNREACHABLE_CODE = YES;
				CLANG_WARN__DUPLICATE_METHOD_MATCH = YES;
				CODE_SIGN_IDENTITY = "-";
				COPY_PHASE_STRIP = NO;
				DEBUG_INFORMATION_FORMAT = dwarf;
				ENABLE_STRICT_OBJC_MSGSEND = YES;
				ENABLE_TESTABILITY = YES;
				GCC_C_LANGUAGE_STANDARD = gnu99;
				GCC_DYNAMIC_NO_PIC = NO;
				GCC_NO_COMMON_BLOCKS = YES;
				GCC_OPTIMIZATION_LEVEL = 0;
				GCC_PREPROCESSOR_DEFINITIONS = (
					"DEBUG=1",
					"$(inherited)",
				);
				GCC_WARN_64_TO_32_BIT_CONVERSION = YES;
				GCC_WARN_ABOUT_RETURN_TYPE = YES_ERROR;
				GCC_WARN_UNDECLARED_SELECTOR = YES;
				GCC_WARN_UNINITIALIZED_AUTOS = YES_AGGRESSIVE;
				GCC_WARN_UNUSED_FUNCTION = YES;
				GCC_WARN_UNUSED_VARIABLE = YES;
				MACOSX_DEPLOYMENT_TARGET = 10.12;
				MTL_ENABLE_DEBUG_INFO = YES;
				ONLY_ACTIVE_ARCH = YES;
				SDKROOT = macosx;
			};
			name = Debug;
		};
		F49C67C01E4046A600C4C59F /* Release */ = {
			isa = XCBuildConfiguration;
			buildSettings = {
				ALWAYS_SEARCH_USER_PATHS = NO;
				CLANG_ANALYZER_NONNULL = YES;
				CLANG_CXX_LANGUAGE_STANDARD = "gnu++0x";
				CLANG_CXX_LIBRARY = "libc++";
				CLANG_ENABLE_MODULES = YES;
				CLANG_ENABLE_OBJC_ARC = YES;
				CLANG_WARN_BOOL_CONVERSION = YES;
				CLANG_WARN_CONSTANT_CONVERSION = YES;
				CLANG_WARN_DIRECT_OBJC_ISA_USAGE = YES_ERROR;
				CLANG_WARN_DOCUMENTATION_COMMENTS = YES;
				CLANG_WARN_EMPTY_BODY = YES;
				CLANG_WARN_ENUM_CONVERSION = YES;
				CLANG_WARN_INFINITE_RECURSION = YES;
				CLANG_WARN_INT_CONVERSION = YES;
				CLANG_WARN_OBJC_ROOT_CLASS = YES_ERROR;
				CLANG_WARN_SUSPICIOUS_MOVE = YES;
				CLANG_WARN_UNREACHABLE_CODE = YES;
				CLANG_WARN__DUPLICATE_METHOD_MATCH = YES;
				CODE_SIGN_IDENTITY = "-";
				COPY_PHASE_STRIP = NO;
				DEBUG_INFORMATION_FORMAT = "dwarf-with-dsym";
				ENABLE_NS_ASSERTIONS = NO;
				ENABLE_STRICT_OBJC_MSGSEND = YES;
				GCC_C_LANGUAGE_STANDARD = gnu99;
				GCC_NO_COMMON_BLOCKS = YES;
				GCC_WARN_64_TO_32_BIT_CONVERSION = YES;
				GCC_WARN_ABOUT_RETURN_TYPE = YES_ERROR;
				GCC_WARN_UNDECLARED_SELECTOR = YES;
				GCC_WARN_UNINITIALIZED_AUTOS = YES_AGGRESSIVE;
				GCC_WARN_UNUSED_FUNCTION = YES;
				GCC_WARN_UNUSED_VARIABLE = YES;
				MACOSX_DEPLOYMENT_TARGET = 10.12;
				MTL_ENABLE_DEBUG_INFO = NO;
				SDKROOT = macosx;
			};
			name = Release;
		};
		F49C67C21E4046A600C4C59F /* Debug */ = {
			isa = XCBuildConfiguration;
			buildSettings = {
				DEVELOPMENT_TEAM = VHWFV2V25Z;
				EXECUTABLE_PREFIX = lib;
				GCC_ENABLE_CPP_EXCEPTIONS = YES;
				GCC_ENABLE_CPP_RTTI = YES;
				PRODUCT_NAME = "$(TARGET_NAME)";
				SDKROOT = iphoneos;
			};
			name = Debug;
		};
		F49C67C31E4046A600C4C59F /* Release */ = {
			isa = XCBuildConfiguration;
			buildSettings = {
				DEVELOPMENT_TEAM = VHWFV2V25Z;
				EXECUTABLE_PREFIX = lib;
				GCC_ENABLE_CPP_EXCEPTIONS = YES;
				GCC_ENABLE_CPP_RTTI = YES;
				PRODUCT_NAME = "$(TARGET_NAME)";
				SDKROOT = iphoneos;
			};
			name = Release;
		};
/* End XCBuildConfiguration section */

/* Begin XCConfigurationList section */
		F49C67B11E4046A600C4C59F /* Build configuration list for PBXProject "CrossingTheDivideLib" */ = {
			isa = XCConfigurationList;
			buildConfigurations = (
				F49C67BF1E4046A600C4C59F /* Debug */,
				F49C67C01E4046A600C4C59F /* Release */,
			);
			defaultConfigurationIsVisible = 0;
			defaultConfigurationName = Release;
		};
		F49C67C11E4046A600C4C59F /* Build configuration list for PBXNativeTarget "CrossingTheDivideLib" */ = {
			isa = XCConfigurationList;
			buildConfigurations = (
				F49C67C21E4046A600C4C59F /* Debug */,
				F49C67C31E4046A600C4C59F /* Release */,
			);
			defaultConfigurationIsVisible = 0;
			defaultConfigurationName = Release;
		};
/* End XCConfigurationList section */
	};
	rootObject = F49C67AE1E4046A600C4C59F /* Project object */;
}
